Microsoft Visual Studio Solution File, Format Version 12.00
# Visual Studio Version 17
VisualStudioVersion = 17.12.35707.178 d17.12
MinimumVisualStudioVersion = 10.0.40219.1
Project("{FAE04EC0-301F-11D3-BF4B-00C04F79EFBC}") = "Caliburn.Noesis-blend", "Caliburn.Noesis-blend.csproj", "{03F7F096-9CEB-4EE9-A1CB-B3B515B3702C}"
EndProject
Global
	GlobalSection(SolutionConfigurationPlatforms) = preSolution
		Debug|Any CPU = Debug|Any CPU
		Release|Any CPU = Release|Any CPU
	EndGlobalSection
	GlobalSection(ProjectConfigurationPlatforms) = postSolution
		{03F7F096-9CEB-4EE9-A1CB-B3B515B3702C}.Debug|Any CPU.ActiveCfg = Debug|Any CPU
		{03F7F096-9CEB-4EE9-A1CB-B3B515B3702C}.Debug|Any CPU.Build.0 = Debug|Any CPU
		{03F7F096-9CEB-4EE9-A1CB-B3B515B3702C}.Release|Any CPU.ActiveCfg = Release|Any CPU
		{03F7F096-9CEB-4EE9-A1CB-B3B515B3702C}.Release|Any CPU.Build.0 = Release|Any CPU
	EndGlobalSection
	GlobalSection(SolutionProperties) = preSolution
		HideSolutionNode = FALSE
	EndGlobalSection
	GlobalSection(ExtensibilityGlobals) = postSolution
		SolutionGuid = {0B44E5D9-B3A3-4268-906A-7113E5F2BA51}
	EndGlobalSection
EndGlobal
