
Microsoft Visual Studio Solution File, Format Version 12.00
# Visual Studio Version 16
VisualStudioVersion = 16.0.30717.126
MinimumVisualStudioVersion = 10.0.40219.1
Project("{FAE04EC0-301F-11D3-BF4B-00C04F79EFBC}") = "Caliburn.Noesis.Samples.HelloWorld-blend", "Caliburn.Noesis.Samples.HelloWorld-blend.csproj", "{E1BC9C7D-E154-418B-AA33-02370BF2A8D7}"
EndProject
Project("{FAE04EC0-301F-11D3-BF4B-00C04F79EFBC}") = "Caliburn.Noesis.Samples.FileExplorer-blend", "Caliburn.Noesis.Samples.FileExplorer-blend.csproj", "{E3439EAF-47A8-4C09-8378-95964584B8C9}"
EndProject
Project("{98716813-D056-4D1C-AD73-87E4AABFBF01}") = "Caliburn.Noesis.Samples.Converters-blend", "Caliburn.Noesis.Samples.Converters-blend.csproj", "{8890AB55-D170-43CE-A795-AB597FC55533}"
EndProject
Global
	GlobalSection(SolutionConfigurationPlatforms) = preSolution
		Debug|Any CPU = Debug|Any CPU
		Release|Any CPU = Release|Any CPU
	EndGlobalSection
	GlobalSection(ProjectConfigurationPlatforms) = postSolution
		{E1BC9C7D-E154-418B-AA33-02370BF2A8D7}.Debug|Any CPU.ActiveCfg = Debug|Any CPU
		{E1BC9C7D-E154-418B-AA33-02370BF2A8D7}.Debug|Any CPU.Build.0 = Debug|Any CPU
		{E1BC9C7D-E154-418B-AA33-02370BF2A8D7}.Release|Any CPU.ActiveCfg = Release|Any CPU
		{E1BC9C7D-E154-418B-AA33-02370BF2A8D7}.Release|Any CPU.Build.0 = Release|Any CPU
		{E3439EAF-47A8-4C09-8378-95964584B8C9}.Debug|Any CPU.ActiveCfg = Debug|Any CPU
		{E3439EAF-47A8-4C09-8378-95964584B8C9}.Debug|Any CPU.Build.0 = Debug|Any CPU
		{E3439EAF-47A8-4C09-8378-95964584B8C9}.Release|Any CPU.ActiveCfg = Release|Any CPU
		{E3439EAF-47A8-4C09-8378-95964584B8C9}.Release|Any CPU.Build.0 = Release|Any CPU
		{8890AB55-D170-43CE-A795-AB597FC55533}.Debug|Any CPU.ActiveCfg = Debug|Any CPU
		{8890AB55-D170-43CE-A795-AB597FC55533}.Debug|Any CPU.Build.0 = Debug|Any CPU
		{8890AB55-D170-43CE-A795-AB597FC55533}.Release|Any CPU.ActiveCfg = Release|Any CPU
		{8890AB55-D170-43CE-A795-AB597FC55533}.Release|Any CPU.Build.0 = Release|Any CPU
	EndGlobalSection
	GlobalSection(SolutionProperties) = preSolution
		HideSolutionNode = FALSE
	EndGlobalSection
	GlobalSection(ExtensibilityGlobals) = postSolution
		SolutionGuid = {98C8604F-6D0C-4F45-AFCC-82C9D5F9E8BA}
	EndGlobalSection
EndGlobal
