
Microsoft Visual Studio Solution File, Format Version 12.00
# Visual Studio Version 16
VisualStudioVersion = 16.0.30717.126
MinimumVisualStudioVersion = 10.0.40219.1
Project("{FAE04EC0-301F-11D3-BF4B-00C04F79EFBC}") = "Caliburn.Noesis.Samples-blend", "Caliburn.Noesis.Samples-blend.csproj", "{D195A34F-5AFC-49C9-92A0-5E1944164993}"
EndProject
Global
	GlobalSection(SolutionConfigurationPlatforms) = preSolution
		Debug|Any CPU = Debug|Any CPU
		Release|Any CPU = Release|Any CPU
	EndGlobalSection
	GlobalSection(ProjectConfigurationPlatforms) = postSolution
		{D195A34F-5AFC-49C9-92A0-5E1944164993}.Debug|Any CPU.ActiveCfg = Debug|Any CPU
		{D195A34F-5AFC-49C9-92A0-5E1944164993}.Debug|Any CPU.Build.0 = Debug|Any CPU
		{D195A34F-5AFC-49C9-92A0-5E1944164993}.Release|Any CPU.ActiveCfg = Release|Any CPU
		{D195A34F-5AFC-49C9-92A0-5E1944164993}.Release|Any CPU.Build.0 = Release|Any CPU
	EndGlobalSection
	GlobalSection(SolutionProperties) = preSolution
		HideSolutionNode = FALSE
	EndGlobalSection
	GlobalSection(ExtensibilityGlobals) = postSolution
		SolutionGuid = {98C8604F-6D0C-4F45-AFCC-82C9D5F9E8BA}
	EndGlobalSection
EndGlobal
